
Microsoft Visual Studio Solution File, Format Version 12.00
# Visual Studio 15
VisualStudioVersion = 15.0.28307.421
MinimumVisualStudioVersion = 10.0.40219.1
Project("{FAE04EC0-301F-11D3-BF4B-00C04F79EFBC}") = "app.Android", "app\app.Android\app.Android.csproj", "{5C0A0062-9A5A-4A01-9BEF-22A5594DEAF3}"
EndProject
Project("{FAE04EC0-301F-11D3-BF4B-00C04F79EFBC}") = "app.iOS", "app\app.iOS\app.iOS.csproj", "{014A4F8D-AC29-4839-8858-AAA74F01D078}"
EndProject
Project("{FAE04EC0-301F-11D3-BF4B-00C04F79EFBC}") = "app", "app\app\app.csproj", "{79C07452-EF0A-4672-ACE4-13425D19BF6C}"
EndProject
Global
	GlobalSection(SolutionConfigurationPlatforms) = preSolution
		Ad-Hoc|Any CPU = Ad-Hoc|Any CPU
		Ad-Hoc|iPhone = Ad-Hoc|iPhone
		Ad-Hoc|iPhoneSimulator = Ad-Hoc|iPhoneSimulator
		AppStore|Any CPU = AppStore|Any CPU
		AppStore|iPhone = AppStore|iPhone
		AppStore|iPhoneSimulator = AppStore|iPhoneSimulator
		Debug|Any CPU = Debug|Any CPU
		Debug|iPhone = Debug|iPhone
		Debug|iPhoneSimulator = Debug|iPhoneSimulator
		Release|Any CPU = Release|Any CPU
		Release|iPhone = Release|iPhone
		Release|iPhoneSimulator = Release|iPhoneSimulator
	EndGlobalSection
	GlobalSection(ProjectConfigurationPlatforms) = postSolution
		{5C0A0062-9A5A-4A01-9BEF-22A5594DEAF3}.Ad-Hoc|Any CPU.ActiveCfg = Release|Any CPU
		{5C0A0062-9A5A-4A01-9BEF-22A5594DEAF3}.Ad-Hoc|Any CPU.Build.0 = Release|Any CPU
		{5C0A0062-9A5A-4A01-9BEF-22A5594DEAF3}.Ad-Hoc|Any CPU.Deploy.0 = Release|Any CPU
		{5C0A0062-9A5A-4A01-9BEF-22A5594DEAF3}.Ad-Hoc|iPhone.ActiveCfg = Release|Any CPU
		{5C0A0062-9A5A-4A01-9BEF-22A5594DEAF3}.Ad-Hoc|iPhone.Build.0 = Release|Any CPU
		{5C0A0062-9A5A-4A01-9BEF-22A5594DEAF3}.Ad-Hoc|iPhone.Deploy.0 = Release|Any CPU
		{5C0A0062-9A5A-4A01-9BEF-22A5594DEAF3}.Ad-Hoc|iPhoneSimulator.ActiveCfg = Release|Any CPU
		{5C0A0062-9A5A-4A01-9BEF-22A5594DEAF3}.Ad-Hoc|iPhoneSimulator.Build.0 = Release|Any CPU
		{5C0A0062-9A5A-4A01-9BEF-22A5594DEAF3}.Ad-Hoc|iPhoneSimulator.Deploy.0 = Release|Any CPU
		{5C0A0062-9A5A-4A01-9BEF-22A5594DEAF3}.AppStore|Any CPU.ActiveCfg = Release|Any CPU
		{5C0A0062-9A5A-4A01-9BEF-22A5594DEAF3}.AppStore|Any CPU.Build.0 = Release|Any CPU
		{5C0A0062-9A5A-4A01-9BEF-22A5594DEAF3}.AppStore|Any CPU.Deploy.0 = Release|Any CPU
		{5C0A0062-9A5A-4A01-9BEF-22A5594DEAF3}.AppStore|iPhone.ActiveCfg = Release|Any CPU
		{5C0A0062-9A5A-4A01-9BEF-22A5594DEAF3}.AppStore|iPhone.Build.0 = Release|Any CPU
		{5C0A0062-9A5A-4A01-9BEF-22A5594DEAF3}.AppStore|iPhone.Deploy.0 = Release|Any CPU
		{5C0A0062-9A5A-4A01-9BEF-22A5594DEAF3}.AppStore|iPhoneSimulator.ActiveCfg = Release|Any CPU
		{5C0A0062-9A5A-4A01-9BEF-22A5594DEAF3}.AppStore|iPhoneSimulator.Build.0 = Release|Any CPU
		{5C0A0062-9A5A-4A01-9BEF-22A5594DEAF3}.AppStore|iPhoneSimulator.Deploy.0 = Release|Any CPU
		{5C0A0062-9A5A-4A01-9BEF-22A5594DEAF3}.Debug|Any CPU.ActiveCfg = Debug|Any CPU
		{5C0A0062-9A5A-4A01-9BEF-22A5594DEAF3}.Debug|Any CPU.Build.0 = Debug|Any CPU
		{5C0A0062-9A5A-4A01-9BEF-22A5594DEAF3}.Debug|Any CPU.Deploy.0 = Debug|Any CPU
		{5C0A0062-9A5A-4A01-9BEF-22A5594DEAF3}.Debug|iPhone.ActiveCfg = Debug|Any CPU
		{5C0A0062-9A5A-4A01-9BEF-22A5594DEAF3}.Debug|iPhone.Build.0 = Debug|Any CPU
		{5C0A0062-9A5A-4A01-9BEF-22A5594DEAF3}.Debug|iPhone.Deploy.0 = Debug|Any CPU
		{5C0A0062-9A5A-4A01-9BEF-22A5594DEAF3}.Debug|iPhoneSimulator.ActiveCfg = Debug|Any CPU
		{5C0A0062-9A5A-4A01-9BEF-22A5594DEAF3}.Debug|iPhoneSimulator.Build.0 = Debug|Any CPU
		{5C0A0062-9A5A-4A01-9BEF-22A5594DEAF3}.Debug|iPhoneSimulator.Deploy.0 = Debug|Any CPU
		{5C0A0062-9A5A-4A01-9BEF-22A5594DEAF3}.Release|Any CPU.ActiveCfg = Release|Any CPU
		{5C0A0062-9A5A-4A01-9BEF-22A5594DEAF3}.Release|Any CPU.Build.0 = Release|Any CPU
		{5C0A0062-9A5A-4A01-9BEF-22A5594DEAF3}.Release|Any CPU.Deploy.0 = Release|Any CPU
		{5C0A0062-9A5A-4A01-9BEF-22A5594DEAF3}.Release|iPhone.ActiveCfg = Release|Any CPU
		{5C0A0062-9A5A-4A01-9BEF-22A5594DEAF3}.Release|iPhone.Build.0 = Release|Any CPU
		{5C0A0062-9A5A-4A01-9BEF-22A5594DEAF3}.Release|iPhone.Deploy.0 = Release|Any CPU
		{5C0A0062-9A5A-4A01-9BEF-22A5594DEAF3}.Release|iPhoneSimulator.ActiveCfg = Release|Any CPU
		{5C0A0062-9A5A-4A01-9BEF-22A5594DEAF3}.Release|iPhoneSimulator.Build.0 = Release|Any CPU
		{5C0A0062-9A5A-4A01-9BEF-22A5594DEAF3}.Release|iPhoneSimulator.Deploy.0 = Release|Any CPU
		{014A4F8D-AC29-4839-8858-AAA74F01D078}.Ad-Hoc|Any CPU.ActiveCfg = Ad-Hoc|iPhone
		{014A4F8D-AC29-4839-8858-AAA74F01D078}.Ad-Hoc|Any CPU.Build.0 = Ad-Hoc|iPhone
		{014A4F8D-AC29-4839-8858-AAA74F01D078}.Ad-Hoc|Any CPU.Deploy.0 = Ad-Hoc|iPhone
		{014A4F8D-AC29-4839-8858-AAA74F01D078}.Ad-Hoc|iPhone.ActiveCfg = Ad-Hoc|iPhone
		{014A4F8D-AC29-4839-8858-AAA74F01D078}.Ad-Hoc|iPhone.Build.0 = Ad-Hoc|iPhone
		{014A4F8D-AC29-4839-8858-AAA74F01D078}.Ad-Hoc|iPhone.Deploy.0 = Ad-Hoc|iPhone
		{014A4F8D-AC29-4839-8858-AAA74F01D078}.Ad-Hoc|iPhoneSimulator.ActiveCfg = Ad-Hoc|iPhoneSimulator
		{014A4F8D-AC29-4839-8858-AAA74F01D078}.Ad-Hoc|iPhoneSimulator.Build.0 = Ad-Hoc|iPhoneSimulator
		{014A4F8D-AC29-4839-8858-AAA74F01D078}.Ad-Hoc|iPhoneSimulator.Deploy.0 = Ad-Hoc|iPhoneSimulator
		{014A4F8D-AC29-4839-8858-AAA74F01D078}.AppStore|Any CPU.ActiveCfg = AppStore|iPhone
		{014A4F8D-AC29-4839-8858-AAA74F01D078}.AppStore|Any CPU.Build.0 = AppStore|iPhone
		{014A4F8D-AC29-4839-8858-AAA74F01D078}.AppStore|Any CPU.Deploy.0 = AppStore|iPhone
		{014A4F8D-AC29-4839-8858-AAA74F01D078}.AppStore|iPhone.ActiveCfg = AppStore|iPhone
		{014A4F8D-AC29-4839-8858-AAA74F01D078}.AppStore|iPhone.Build.0 = AppStore|iPhone
		{014A4F8D-AC29-4839-8858-AAA74F01D078}.AppStore|iPhone.Deploy.0 = AppStore|iPhone
		{014A4F8D-AC29-4839-8858-AAA74F01D078}.AppStore|iPhoneSimulator.ActiveCfg = AppStore|iPhoneSimulator
		{014A4F8D-AC29-4839-8858-AAA74F01D078}.AppStore|iPhoneSimulator.Build.0 = AppStore|iPhoneSimulator
		{014A4F8D-AC29-4839-8858-AAA74F01D078}.AppStore|iPhoneSimulator.Deploy.0 = AppStore|iPhoneSimulator
		{014A4F8D-AC29-4839-8858-AAA74F01D078}.Debug|Any CPU.ActiveCfg = Debug|iPhoneSimulator
		{014A4F8D-AC29-4839-8858-AAA74F01D078}.Debug|Any CPU.Build.0 = Debug|iPhoneSimulator
		{014A4F8D-AC29-4839-8858-AAA74F01D078}.Debug|Any CPU.Deploy.0 = Debug|iPhoneSimulator
		{014A4F8D-AC29-4839-8858-AAA74F01D078}.Debug|iPhone.ActiveCfg = Debug|iPhone
		{014A4F8D-AC29-4839-8858-AAA74F01D078}.Debug|iPhone.Build.0 = Debug|iPhone
		{014A4F8D-AC29-4839-8858-AAA74F01D078}.Debug|iPhone.Deploy.0 = Debug|iPhone
		{014A4F8D-AC29-4839-8858-AAA74F01D078}.Debug|iPhoneSimulator.ActiveCfg = Debug|iPhoneSimulator
		{014A4F8D-AC29-4839-8858-AAA74F01D078}.Debug|iPhoneSimulator.Build.0 = Debug|iPhoneSimulator
		{014A4F8D-AC29-4839-8858-AAA74F01D078}.Debug|iPhoneSimulator.Deploy.0 = Debug|iPhoneSimulator
		{014A4F8D-AC29-4839-8858-AAA74F01D078}.Release|Any CPU.ActiveCfg = Release|iPhone
		{014A4F8D-AC29-4839-8858-AAA74F01D078}.Release|Any CPU.Build.0 = Release|iPhone
		{014A4F8D-AC29-4839-8858-AAA74F01D078}.Release|Any CPU.Deploy.0 = Release|iPhone
		{014A4F8D-AC29-4839-8858-AAA74F01D078}.Release|iPhone.ActiveCfg = Release|iPhone
		{014A4F8D-AC29-4839-8858-AAA74F01D078}.Release|iPhone.Build.0 = Release|iPhone
		{014A4F8D-AC29-4839-8858-AAA74F01D078}.Release|iPhone.Deploy.0 = Release|iPhone
		{014A4F8D-AC29-4839-8858-AAA74F01D078}.Release|iPhoneSimulator.ActiveCfg = Release|iPhoneSimulator
		{014A4F8D-AC29-4839-8858-AAA74F01D078}.Release|iPhoneSimulator.Build.0 = Release|iPhoneSimulator
		{014A4F8D-AC29-4839-8858-AAA74F01D078}.Release|iPhoneSimulator.Deploy.0 = Release|iPhoneSimulator
		{79C07452-EF0A-4672-ACE4-13425D19BF6C}.Ad-Hoc|Any CPU.ActiveCfg = Debug|Any CPU
		{79C07452-EF0A-4672-ACE4-13425D19BF6C}.Ad-Hoc|Any CPU.Build.0 = Debug|Any CPU
		{79C07452-EF0A-4672-ACE4-13425D19BF6C}.Ad-Hoc|Any CPU.Deploy.0 = Debug|Any CPU
		{79C07452-EF0A-4672-ACE4-13425D19BF6C}.Ad-Hoc|iPhone.ActiveCfg = Debug|Any CPU
		{79C07452-EF0A-4672-ACE4-13425D19BF6C}.Ad-Hoc|iPhone.Build.0 = Debug|Any CPU
		{79C07452-EF0A-4672-ACE4-13425D19BF6C}.Ad-Hoc|iPhone.Deploy.0 = Debug|Any CPU
		{79C07452-EF0A-4672-ACE4-13425D19BF6C}.Ad-Hoc|iPhoneSimulator.ActiveCfg = Debug|Any CPU
		{79C07452-EF0A-4672-ACE4-13425D19BF6C}.Ad-Hoc|iPhoneSimulator.Build.0 = Debug|Any CPU
		{79C07452-EF0A-4672-ACE4-13425D19BF6C}.Ad-Hoc|iPhoneSimulator.Deploy.0 = Debug|Any CPU
		{79C07452-EF0A-4672-ACE4-13425D19BF6C}.AppStore|Any CPU.ActiveCfg = Debug|Any CPU
		{79C07452-EF0A-4672-ACE4-13425D19BF6C}.AppStore|Any CPU.Build.0 = Debug|Any CPU
		{79C07452-EF0A-4672-ACE4-13425D19BF6C}.AppStore|Any CPU.Deploy.0 = Debug|Any CPU
		{79C07452-EF0A-4672-ACE4-13425D19BF6C}.AppStore|iPhone.ActiveCfg = Debug|Any CPU
		{79C07452-EF0A-4672-ACE4-13425D19BF6C}.AppStore|iPhone.Build.0 = Debug|Any CPU
		{79C07452-EF0A-4672-ACE4-13425D19BF6C}.AppStore|iPhone.Deploy.0 = Debug|Any CPU
		{79C07452-EF0A-4672-ACE4-13425D19BF6C}.AppStore|iPhoneSimulator.ActiveCfg = Debug|Any CPU
		{79C07452-EF0A-4672-ACE4-13425D19BF6C}.AppStore|iPhoneSimulator.Build.0 = Debug|Any CPU
		{79C07452-EF0A-4672-ACE4-13425D19BF6C}.AppStore|iPhoneSimulator.Deploy.0 = Debug|Any CPU
		{79C07452-EF0A-4672-ACE4-13425D19BF6C}.Debug|Any CPU.ActiveCfg = Debug|Any CPU
		{79C07452-EF0A-4672-ACE4-13425D19BF6C}.Debug|Any CPU.Build.0 = Debug|Any CPU
		{79C07452-EF0A-4672-ACE4-13425D19BF6C}.Debug|Any CPU.Deploy.0 = Debug|Any CPU
		{79C07452-EF0A-4672-ACE4-13425D19BF6C}.Debug|iPhone.ActiveCfg = Debug|Any CPU
		{79C07452-EF0A-4672-ACE4-13425D19BF6C}.Debug|iPhone.Build.0 = Debug|Any CPU
		{79C07452-EF0A-4672-ACE4-13425D19BF6C}.Debug|iPhone.Deploy.0 = Debug|Any CPU
		{79C07452-EF0A-4672-ACE4-13425D19BF6C}.Debug|iPhoneSimulator.ActiveCfg = Debug|Any CPU
		{79C07452-EF0A-4672-ACE4-13425D19BF6C}.Debug|iPhoneSimulator.Build.0 = Debug|Any CPU
		{79C07452-EF0A-4672-ACE4-13425D19BF6C}.Debug|iPhoneSimulator.Deploy.0 = Debug|Any CPU
		{79C07452-EF0A-4672-ACE4-13425D19BF6C}.Release|Any CPU.ActiveCfg = Release|Any CPU
		{79C07452-EF0A-4672-ACE4-13425D19BF6C}.Release|Any CPU.Build.0 = Release|Any CPU
		{79C07452-EF0A-4672-ACE4-13425D19BF6C}.Release|Any CPU.Deploy.0 = Release|Any CPU
		{79C07452-EF0A-4672-ACE4-13425D19BF6C}.Release|iPhone.ActiveCfg = Release|Any CPU
		{79C07452-EF0A-4672-ACE4-13425D19BF6C}.Release|iPhone.Build.0 = Release|Any CPU
		{79C07452-EF0A-4672-ACE4-13425D19BF6C}.Release|iPhone.Deploy.0 = Release|Any CPU
		{79C07452-EF0A-4672-ACE4-13425D19BF6C}.Release|iPhoneSimulator.ActiveCfg = Release|Any CPU
		{79C07452-EF0A-4672-ACE4-13425D19BF6C}.Release|iPhoneSimulator.Build.0 = Release|Any CPU
		{79C07452-EF0A-4672-ACE4-13425D19BF6C}.Release|iPhoneSimulator.Deploy.0 = Release|Any CPU
	EndGlobalSection
	GlobalSection(SolutionProperties) = preSolution
		HideSolutionNode = FALSE
	EndGlobalSection
	GlobalSection(ExtensibilityGlobals) = postSolution
		SolutionGuid = {4F6B7A4B-06C6-440F-A0C3-81D3204CDD96}
	EndGlobalSection
EndGlobal
